
Microsoft Visual Studio Solution File, Format Version 12.00
# Visual Studio Version 17
VisualStudioVersion = 17.8.34408.163
MinimumVisualStudioVersion = 10.0.40219.1
Project("{9A19103F-16F7-4668-BE54-9A1E7A4F7556}") = "DiagonalDiffferencesSimple", "DiagonalDiffferencesV2\DiagonalDiffferencesSimple.csproj", "{32D4D3CB-D647-4DCF-A35F-F468502DB13D}"
EndProject
Project("{9A19103F-16F7-4668-BE54-9A1E7A4F7556}") = "JaggedArrayManipulator", "JaggedArrayManipulator\JaggedArrayManipulator.csproj", "{29F22E1C-9F84-48E0-960C-A97A400BFD89}"
EndProject
Project("{9A19103F-16F7-4668-BE54-9A1E7A4F7556}") = "MatrixShuffling", "MatrixShuffling\MatrixShuffling.csproj", "{B8D18BCA-E291-49DE-B346-F1DC5C76AC03}"
EndProject
Project("{9A19103F-16F7-4668-BE54-9A1E7A4F7556}") = "MaximalSum", "MaximalSum\MaximalSum.csproj", "{B0E346B2-06CB-4B6F-8281-FAC2DDC78A83}"
EndProject
Project("{9A19103F-16F7-4668-BE54-9A1E7A4F7556}") = "SnakeMoves", "SnakeMoves\SnakeMoves.csproj", "{B645FAC3-D162-419A-ACB6-57B6AB5D69AB}"
EndProject
Project("{9A19103F-16F7-4668-BE54-9A1E7A4F7556}") = "SquaresInMatrixSimple", "SquaresInMatrix\SquaresInMatrixSimple.csproj", "{132D723D-F9F3-441F-ACCC-AF47F1E2039C}"
EndProject
Project("{9A19103F-16F7-4668-BE54-9A1E7A4F7556}") = "SquaresInMatrixMatrix", "SquaresInMatrixMatrix\SquaresInMatrixMatrix.csproj", "{E3D10B02-EF73-4796-92A3-55CBBC6EEEF9}"
EndProject
Project("{9A19103F-16F7-4668-BE54-9A1E7A4F7556}") = "DiagonalDifferencesWithMatrices", "DiagonalDifferencesWithMatrices.csproj", "{8F03A835-5819-4947-AB8C-C9849477EEFD}"
EndProject
Global
	GlobalSection(SolutionConfigurationPlatforms) = preSolution
		Debug|Any CPU = Debug|Any CPU
		Release|Any CPU = Release|Any CPU
	EndGlobalSection
	GlobalSection(ProjectConfigurationPlatforms) = postSolution
		{32D4D3CB-D647-4DCF-A35F-F468502DB13D}.Debug|Any CPU.ActiveCfg = Debug|Any CPU
		{32D4D3CB-D647-4DCF-A35F-F468502DB13D}.Debug|Any CPU.Build.0 = Debug|Any CPU
		{32D4D3CB-D647-4DCF-A35F-F468502DB13D}.Release|Any CPU.ActiveCfg = Release|Any CPU
		{32D4D3CB-D647-4DCF-A35F-F468502DB13D}.Release|Any CPU.Build.0 = Release|Any CPU
		{29F22E1C-9F84-48E0-960C-A97A400BFD89}.Debug|Any CPU.ActiveCfg = Debug|Any CPU
		{29F22E1C-9F84-48E0-960C-A97A400BFD89}.Debug|Any CPU.Build.0 = Debug|Any CPU
		{29F22E1C-9F84-48E0-960C-A97A400BFD89}.Release|Any CPU.ActiveCfg = Release|Any CPU
		{29F22E1C-9F84-48E0-960C-A97A400BFD89}.Release|Any CPU.Build.0 = Release|Any CPU
		{B8D18BCA-E291-49DE-B346-F1DC5C76AC03}.Debug|Any CPU.ActiveCfg = Debug|Any CPU
		{B8D18BCA-E291-49DE-B346-F1DC5C76AC03}.Debug|Any CPU.Build.0 = Debug|Any CPU
		{B8D18BCA-E291-49DE-B346-F1DC5C76AC03}.Release|Any CPU.ActiveCfg = Release|Any CPU
		{B8D18BCA-E291-49DE-B346-F1DC5C76AC03}.Release|Any CPU.Build.0 = Release|Any CPU
		{B0E346B2-06CB-4B6F-8281-FAC2DDC78A83}.Debug|Any CPU.ActiveCfg = Debug|Any CPU
		{B0E346B2-06CB-4B6F-8281-FAC2DDC78A83}.Debug|Any CPU.Build.0 = Debug|Any CPU
		{B0E346B2-06CB-4B6F-8281-FAC2DDC78A83}.Release|Any CPU.ActiveCfg = Release|Any CPU
		{B0E346B2-06CB-4B6F-8281-FAC2DDC78A83}.Release|Any CPU.Build.0 = Release|Any CPU
		{B645FAC3-D162-419A-ACB6-57B6AB5D69AB}.Debug|Any CPU.ActiveCfg = Debug|Any CPU
		{B645FAC3-D162-419A-ACB6-57B6AB5D69AB}.Debug|Any CPU.Build.0 = Debug|Any CPU
		{B645FAC3-D162-419A-ACB6-57B6AB5D69AB}.Release|Any CPU.ActiveCfg = Release|Any CPU
		{B645FAC3-D162-419A-ACB6-57B6AB5D69AB}.Release|Any CPU.Build.0 = Release|Any CPU
		{132D723D-F9F3-441F-ACCC-AF47F1E2039C}.Debug|Any CPU.ActiveCfg = Debug|Any CPU
		{132D723D-F9F3-441F-ACCC-AF47F1E2039C}.Debug|Any CPU.Build.0 = Debug|Any CPU
		{132D723D-F9F3-441F-ACCC-AF47F1E2039C}.Release|Any CPU.ActiveCfg = Release|Any CPU
		{132D723D-F9F3-441F-ACCC-AF47F1E2039C}.Release|Any CPU.Build.0 = Release|Any CPU
		{E3D10B02-EF73-4796-92A3-55CBBC6EEEF9}.Debug|Any CPU.ActiveCfg = Debug|Any CPU
		{E3D10B02-EF73-4796-92A3-55CBBC6EEEF9}.Debug|Any CPU.Build.0 = Debug|Any CPU
		{E3D10B02-EF73-4796-92A3-55CBBC6EEEF9}.Release|Any CPU.ActiveCfg = Release|Any CPU
		{E3D10B02-EF73-4796-92A3-55CBBC6EEEF9}.Release|Any CPU.Build.0 = Release|Any CPU
		{8F03A835-5819-4947-AB8C-C9849477EEFD}.Debug|Any CPU.ActiveCfg = Debug|Any CPU
		{8F03A835-5819-4947-AB8C-C9849477EEFD}.Debug|Any CPU.Build.0 = Debug|Any CPU
		{8F03A835-5819-4947-AB8C-C9849477EEFD}.Release|Any CPU.ActiveCfg = Release|Any CPU
		{8F03A835-5819-4947-AB8C-C9849477EEFD}.Release|Any CPU.Build.0 = Release|Any CPU
	EndGlobalSection
	GlobalSection(SolutionProperties) = preSolution
		HideSolutionNode = FALSE
	EndGlobalSection
	GlobalSection(ExtensibilityGlobals) = postSolution
		SolutionGuid = {887C2428-1E42-44B1-94CB-AA26666A4D48}
	EndGlobalSection
EndGlobal
